
Microsoft Visual Studio Solution File, Format Version 12.00
# Visual Studio Version 17
VisualStudioVersion = 17.2.32616.157
MinimumVisualStudioVersion = 10.0.40219.1
Project("{9A19103F-16F7-4668-BE54-9A1E7A4F7556}") = "ClassLibrary1", "ClassLibrary1\ClassLibrary1.csproj", "{0B59BC8F-B039-4A72-8DCC-D2A8CC19E0EC}"
EndProject
Project("{FAE04EC0-301F-11D3-BF4B-00C04F79EFBC}") = "ClassLibraryServices", "..\ClassLibraryDataAccess\ClassLibraryServices.csproj", "{22374A1D-0704-46C7-9A45-B47989DC5E1A}"
EndProject
Project("{FAE04EC0-301F-11D3-BF4B-00C04F79EFBC}") = "ClassLibraryDAO", "..\ClassLibraryDAO\ClassLibraryDAO.csproj", "{A9E40E10-709D-4819-A6D0-731F817892BD}"
EndProject
Project("{FAE04EC0-301F-11D3-BF4B-00C04F79EFBC}") = "ExpenseRP", "..\ExpenseRP\ExpenseRP.csproj", "{196EFD09-29A2-438A-9578-61B8DAA2FEB1}"
EndProject
Global
	GlobalSection(SolutionConfigurationPlatforms) = preSolution
		Debug|Any CPU = Debug|Any CPU
		Release|Any CPU = Release|Any CPU
	EndGlobalSection
	GlobalSection(ProjectConfigurationPlatforms) = postSolution
		{0B59BC8F-B039-4A72-8DCC-D2A8CC19E0EC}.Debug|Any CPU.ActiveCfg = Debug|Any CPU
		{0B59BC8F-B039-4A72-8DCC-D2A8CC19E0EC}.Debug|Any CPU.Build.0 = Debug|Any CPU
		{0B59BC8F-B039-4A72-8DCC-D2A8CC19E0EC}.Release|Any CPU.ActiveCfg = Release|Any CPU
		{0B59BC8F-B039-4A72-8DCC-D2A8CC19E0EC}.Release|Any CPU.Build.0 = Release|Any CPU
		{22374A1D-0704-46C7-9A45-B47989DC5E1A}.Debug|Any CPU.ActiveCfg = Debug|Any CPU
		{22374A1D-0704-46C7-9A45-B47989DC5E1A}.Debug|Any CPU.Build.0 = Debug|Any CPU
		{22374A1D-0704-46C7-9A45-B47989DC5E1A}.Release|Any CPU.ActiveCfg = Release|Any CPU
		{22374A1D-0704-46C7-9A45-B47989DC5E1A}.Release|Any CPU.Build.0 = Release|Any CPU
		{A9E40E10-709D-4819-A6D0-731F817892BD}.Debug|Any CPU.ActiveCfg = Debug|Any CPU
		{A9E40E10-709D-4819-A6D0-731F817892BD}.Debug|Any CPU.Build.0 = Debug|Any CPU
		{A9E40E10-709D-4819-A6D0-731F817892BD}.Release|Any CPU.ActiveCfg = Release|Any CPU
		{A9E40E10-709D-4819-A6D0-731F817892BD}.Release|Any CPU.Build.0 = Release|Any CPU
		{196EFD09-29A2-438A-9578-61B8DAA2FEB1}.Debug|Any CPU.ActiveCfg = Debug|Any CPU
		{196EFD09-29A2-438A-9578-61B8DAA2FEB1}.Debug|Any CPU.Build.0 = Debug|Any CPU
		{196EFD09-29A2-438A-9578-61B8DAA2FEB1}.Release|Any CPU.ActiveCfg = Release|Any CPU
		{196EFD09-29A2-438A-9578-61B8DAA2FEB1}.Release|Any CPU.Build.0 = Release|Any CPU
	EndGlobalSection
	GlobalSection(SolutionProperties) = preSolution
		HideSolutionNode = FALSE
	EndGlobalSection
	GlobalSection(ExtensibilityGlobals) = postSolution
		SolutionGuid = {A64339AE-98EC-4723-A957-34D0F7F1E496}
	EndGlobalSection
EndGlobal
